
Microsoft Visual Studio Solution File, Format Version 12.00
# Visual Studio Version 17
VisualStudioVersion = 17.3.32929.385
MinimumVisualStudioVersion = 10.0.40219.1
Project("{9A19103F-16F7-4668-BE54-9A1E7A4F7556}") = "WaveApps.GraphQLBuilder", "WaveApps.GraphQLBuilder\WaveApps.GraphQLBuilder.csproj", "{F89AC7BE-40AD-4106-B7E5-CBE09C284DCA}"
EndProject
Project("{FAE04EC0-301F-11D3-BF4B-00C04F79EFBC}") = "WaveApps.GraphQLBuilder.Tests", "WaveApps.GraphQLBuilder.Tests\WaveApps.GraphQLBuilder.Tests.csproj", "{0044985F-9DCE-4D07-9F58-F2B084A19896}"
EndProject
Global
	GlobalSection(SolutionConfigurationPlatforms) = preSolution
		Debug|Any CPU = Debug|Any CPU
		Release|Any CPU = Release|Any CPU
	EndGlobalSection
	GlobalSection(ProjectConfigurationPlatforms) = postSolution
		{F89AC7BE-40AD-4106-B7E5-CBE09C284DCA}.Debug|Any CPU.ActiveCfg = Debug|Any CPU
		{F89AC7BE-40AD-4106-B7E5-CBE09C284DCA}.Debug|Any CPU.Build.0 = Debug|Any CPU
		{F89AC7BE-40AD-4106-B7E5-CBE09C284DCA}.Release|Any CPU.ActiveCfg = Release|Any CPU
		{F89AC7BE-40AD-4106-B7E5-CBE09C284DCA}.Release|Any CPU.Build.0 = Release|Any CPU
		{0044985F-9DCE-4D07-9F58-F2B084A19896}.Debug|Any CPU.ActiveCfg = Debug|Any CPU
		{0044985F-9DCE-4D07-9F58-F2B084A19896}.Debug|Any CPU.Build.0 = Debug|Any CPU
		{0044985F-9DCE-4D07-9F58-F2B084A19896}.Release|Any CPU.ActiveCfg = Release|Any CPU
		{0044985F-9DCE-4D07-9F58-F2B084A19896}.Release|Any CPU.Build.0 = Release|Any CPU
	EndGlobalSection
	GlobalSection(SolutionProperties) = preSolution
		HideSolutionNode = FALSE
	EndGlobalSection
	GlobalSection(ExtensibilityGlobals) = postSolution
		SolutionGuid = {E14BA90C-1C26-4508-BFBC-924C05808501}
	EndGlobalSection
EndGlobal
